// !$*UTF8*$!
{
	archiveVersion = 1;
	classes = {
	};
	objectVersion = 50;
	objects = {

/* Begin PBXBuildFile section */
		040FA65223FEEF2100F38858 /* FourthViewController.swift in Sources */ = {isa = PBXBuildFile; fileRef = 040FA65123FEEF2100F38858 /* FourthViewController.swift */; };
		040FA654240094B000F38858 /* FifthViewController.swift in Sources */ = {isa = PBXBuildFile; fileRef = 040FA653240094B000F38858 /* FifthViewController.swift */; };
		0445FB00242D6B770052EB3F /* iconSet in Resources */ = {isa = PBXBuildFile; fileRef = 0445FAFF242D6B770052EB3F /* iconSet */; };
		04AD23C7240DF3EF00440319 /* myAnnotationView.swift in Sources */ = {isa = PBXBuildFile; fileRef = 04AD23C6240DF3EE00440319 /* myAnnotationView.swift */; };
		04AD23C9240DF69900440319 /* myAnnotation.swift in Sources */ = {isa = PBXBuildFile; fileRef = 04AD23C8240DF69900440319 /* myAnnotation.swift */; };
		04AD23CB240E938A00440319 /* RegisterViewController.swift in Sources */ = {isa = PBXBuildFile; fileRef = 04AD23CA240E938A00440319 /* RegisterViewController.swift */; };
		04AD23CF240E999E00440319 /* MainTabBarController.swift in Sources */ = {isa = PBXBuildFile; fileRef = 04AD23CE240E999E00440319 /* MainTabBarController.swift */; };
		04AD23D1240E9AC000440319 /* StartRegistrationViewController.swift in Sources */ = {isa = PBXBuildFile; fileRef = 04AD23D0240E9AC000440319 /* StartRegistrationViewController.swift */; };
		04D41D7723F34FBC00B02C6A /* LoginViewController.swift in Sources */ = {isa = PBXBuildFile; fileRef = 04D41D7623F34FBC00B02C6A /* LoginViewController.swift */; };
		04D41D7D23F5F62200B02C6A /* guardianAngelLogo.png in Resources */ = {isa = PBXBuildFile; fileRef = 04D41D7C23F5F62200B02C6A /* guardianAngelLogo.png */; };
		04D41D7F23FE16E000B02C6A /* logo.png in Resources */ = {isa = PBXBuildFile; fileRef = 04D41D7E23FE16E000B02C6A /* logo.png */; };
		0AD84F2423EC525D00FE7B54 /* MessageUI.framework in Frameworks */ = {isa = PBXBuildFile; fileRef = 0AD84F2323EC525D00FE7B54 /* MessageUI.framework */; };
		0AFDE7CC23EB51C2005627E6 /* AppDelegate.swift in Sources */ = {isa = PBXBuildFile; fileRef = 0AFDE7CB23EB51C2005627E6 /* AppDelegate.swift */; };
		0AFDE7CE23EB51C2005627E6 /* SceneDelegate.swift in Sources */ = {isa = PBXBuildFile; fileRef = 0AFDE7CD23EB51C2005627E6 /* SceneDelegate.swift */; };
		0AFDE7D023EB51C2005627E6 /* FirstViewController.swift in Sources */ = {isa = PBXBuildFile; fileRef = 0AFDE7CF23EB51C2005627E6 /* FirstViewController.swift */; };
		0AFDE7D223EB51C2005627E6 /* SecondViewController.swift in Sources */ = {isa = PBXBuildFile; fileRef = 0AFDE7D123EB51C2005627E6 /* SecondViewController.swift */; };
		0AFDE7D523EB51C2005627E6 /* Main.storyboard in Resources */ = {isa = PBXBuildFile; fileRef = 0AFDE7D323EB51C2005627E6 /* Main.storyboard */; };
		0AFDE7D823EB51C2005627E6 /* Proj1.xcdatamodeld in Sources */ = {isa = PBXBuildFile; fileRef = 0AFDE7D623EB51C2005627E6 /* Proj1.xcdatamodeld */; };
		0AFDE7DA23EB51C4005627E6 /* Assets.xcassets in Resources */ = {isa = PBXBuildFile; fileRef = 0AFDE7D923EB51C4005627E6 /* Assets.xcassets */; };
		0AFDE7DD23EB51C4005627E6 /* LaunchScreen.storyboard in Resources */ = {isa = PBXBuildFile; fileRef = 0AFDE7DB23EB51C4005627E6 /* LaunchScreen.storyboard */; };
/* End PBXBuildFile section */

/* Begin PBXFileReference section */
		040FA65123FEEF2100F38858 /* FourthViewController.swift */ = {isa = PBXFileReference; lastKnownFileType = sourcecode.swift; path = FourthViewController.swift; sourceTree = "<group>"; };
		040FA653240094B000F38858 /* FifthViewController.swift */ = {isa = PBXFileReference; lastKnownFileType = sourcecode.swift; path = FifthViewController.swift; sourceTree = "<group>"; };
		0445FAFF242D6B770052EB3F /* iconSet */ = {isa = PBXFileReference; lastKnownFileType = folder; name = iconSet; path = ../../../Documents/iconSet; sourceTree = "<group>"; };
		04AD23C6240DF3EE00440319 /* myAnnotationView.swift */ = {isa = PBXFileReference; lastKnownFileType = sourcecode.swift; path = myAnnotationView.swift; sourceTree = "<group>"; };
		04AD23C8240DF69900440319 /* myAnnotation.swift */ = {isa = PBXFileReference; lastKnownFileType = sourcecode.swift; path = myAnnotation.swift; sourceTree = "<group>"; };
		04AD23CA240E938A00440319 /* RegisterViewController.swift */ = {isa = PBXFileReference; lastKnownFileType = sourcecode.swift; path = RegisterViewController.swift; sourceTree = "<group>"; };
		04AD23CE240E999E00440319 /* MainTabBarController.swift */ = {isa = PBXFileReference; lastKnownFileType = sourcecode.swift; name = MainTabBarController.swift; path = ../MainTabBarController.swift; sourceTree = "<group>"; };
		04AD23D0240E9AC000440319 /* StartRegistrationViewController.swift */ = {isa = PBXFileReference; lastKnownFileType = sourcecode.swift; path = StartRegistrationViewController.swift; sourceTree = "<group>"; };
		04D41D7623F34FBC00B02C6A /* LoginViewController.swift */ = {isa = PBXFileReference; lastKnownFileType = sourcecode.swift; path = LoginViewController.swift; sourceTree = "<group>"; };
		04D41D7C23F5F62200B02C6A /* guardianAngelLogo.png */ = {isa = PBXFileReference; lastKnownFileType = image.png; name = guardianAngelLogo.png; path = ../../guardianAngelLogo.png; sourceTree = "<group>"; };
		04D41D7E23FE16E000B02C6A /* logo.png */ = {isa = PBXFileReference; lastKnownFileType = image.png; name = logo.png; path = ../../logo.png; sourceTree = "<group>"; };
		0AD84F2323EC525D00FE7B54 /* MessageUI.framework */ = {isa = PBXFileReference; lastKnownFileType = wrapper.framework; name = MessageUI.framework; path = System/Library/Frameworks/MessageUI.framework; sourceTree = SDKROOT; };
		0AFDE7C823EB51C2005627E6 /* USNAngels.app */ = {isa = PBXFileReference; explicitFileType = wrapper.application; includeInIndex = 0; path = USNAngels.app; sourceTree = BUILT_PRODUCTS_DIR; };
		0AFDE7CB23EB51C2005627E6 /* AppDelegate.swift */ = {isa = PBXFileReference; lastKnownFileType = sourcecode.swift; path = AppDelegate.swift; sourceTree = "<group>"; };
		0AFDE7CD23EB51C2005627E6 /* SceneDelegate.swift */ = {isa = PBXFileReference; lastKnownFileType = sourcecode.swift; path = SceneDelegate.swift; sourceTree = "<group>"; };
		0AFDE7CF23EB51C2005627E6 /* FirstViewController.swift */ = {isa = PBXFileReference; lastKnownFileType = sourcecode.swift; path = FirstViewController.swift; sourceTree = "<group>"; };
		0AFDE7D123EB51C2005627E6 /* SecondViewController.swift */ = {isa = PBXFileReference; lastKnownFileType = sourcecode.swift; path = SecondViewController.swift; sourceTree = "<group>"; };
		0AFDE7D423EB51C2005627E6 /* Base */ = {isa = PBXFileReference; lastKnownFileType = file.storyboard; name = Base; path = Base.lproj/Main.storyboard; sourceTree = "<group>"; };
		0AFDE7D723EB51C2005627E6 /* Proj1.xcdatamodel */ = {isa = PBXFileReference; lastKnownFileType = wrapper.xcdatamodel; path = Proj1.xcdatamodel; sourceTree = "<group>"; };
		0AFDE7D923EB51C4005627E6 /* Assets.xcassets */ = {isa = PBXFileReference; lastKnownFileType = folder.assetcatalog; path = Assets.xcassets; sourceTree = "<group>"; };
		0AFDE7DC23EB51C4005627E6 /* Base */ = {isa = PBXFileReference; lastKnownFileType = file.storyboard; name = Base; path = Base.lproj/LaunchScreen.storyboard; sourceTree = "<group>"; };
		0AFDE7DE23EB51C4005627E6 /* Info.plist */ = {isa = PBXFileReference; lastKnownFileType = text.plist.xml; path = Info.plist; sourceTree = "<group>"; };
/* End PBXFileReference section */

/* Begin PBXFrameworksBuildPhase section */
		0AFDE7C523EB51C2005627E6 /* Frameworks */ = {
			isa = PBXFrameworksBuildPhase;
			buildActionMask = 2147483647;
			files = (
				0AD84F2423EC525D00FE7B54 /* MessageUI.framework in Frameworks */,
			);
			runOnlyForDeploymentPostprocessing = 0;
		};
/* End PBXFrameworksBuildPhase section */

/* Begin PBXGroup section */
		0AD84F2223EC525C00FE7B54 /* Frameworks */ = {
			isa = PBXGroup;
			children = (
				0AD84F2323EC525D00FE7B54 /* MessageUI.framework */,
			);
			name = Frameworks;
			sourceTree = "<group>";
		};
		0AFDE7BF23EB51C2005627E6 = {
			isa = PBXGroup;
			children = (
				0AFDE7CA23EB51C2005627E6 /* Proj1 */,
				0AFDE7C923EB51C2005627E6 /* Products */,
				0AD84F2223EC525C00FE7B54 /* Frameworks */,
			);
			sourceTree = "<group>";
		};
		0AFDE7C923EB51C2005627E6 /* Products */ = {
			isa = PBXGroup;
			children = (
				0AFDE7C823EB51C2005627E6 /* USNAngels.app */,
			);
			name = Products;
			sourceTree = "<group>";
		};
		0AFDE7CA23EB51C2005627E6 /* Proj1 */ = {
			isa = PBXGroup;
			children = (
				04AD23CE240E999E00440319 /* MainTabBarController.swift */,
				0AFDE7CB23EB51C2005627E6 /* AppDelegate.swift */,
				0AFDE7CD23EB51C2005627E6 /* SceneDelegate.swift */,
				0AFDE7CF23EB51C2005627E6 /* FirstViewController.swift */,
				04AD23C6240DF3EE00440319 /* myAnnotationView.swift */,
				04AD23C8240DF69900440319 /* myAnnotation.swift */,
				0AFDE7D123EB51C2005627E6 /* SecondViewController.swift */,
				040FA65123FEEF2100F38858 /* FourthViewController.swift */,
				0AFDE7D323EB51C2005627E6 /* Main.storyboard */,
				04AD23D0240E9AC000440319 /* StartRegistrationViewController.swift */,
				04AD23CA240E938A00440319 /* RegisterViewController.swift */,
				040FA653240094B000F38858 /* FifthViewController.swift */,
				04D41D7E23FE16E000B02C6A /* logo.png */,
				04D41D7C23F5F62200B02C6A /* guardianAngelLogo.png */,
				04D41D7623F34FBC00B02C6A /* LoginViewController.swift */,
				0AFDE7D923EB51C4005627E6 /* Assets.xcassets */,
				0445FAFF242D6B770052EB3F /* iconSet */,
				0AFDE7DB23EB51C4005627E6 /* LaunchScreen.storyboard */,
				0AFDE7DE23EB51C4005627E6 /* Info.plist */,
				0AFDE7D623EB51C2005627E6 /* Proj1.xcdatamodeld */,
			);
			path = Proj1;
			sourceTree = "<group>";
		};
/* End PBXGroup section */

/* Begin PBXNativeTarget section */
		0AFDE7C723EB51C2005627E6 /* Proj1 */ = {
			isa = PBXNativeTarget;
			buildConfigurationList = 0AFDE7E123EB51C4005627E6 /* Build configuration list for PBXNativeTarget "Proj1" */;
			buildPhases = (
				0AFDE7C423EB51C2005627E6 /* Sources */,
				0AFDE7C523EB51C2005627E6 /* Frameworks */,
				0AFDE7C623EB51C2005627E6 /* Resources */,
			);
			buildRules = (
			);
			dependencies = (
			);
			name = Proj1;
			productName = Proj1;
			productReference = 0AFDE7C823EB51C2005627E6 /* USNAngels.app */;
			productType = "com.apple.product-type.application";
		};
/* End PBXNativeTarget section */

/* Begin PBXProject section */
		0AFDE7C023EB51C2005627E6 /* Project object */ = {
			isa = PBXProject;
			attributes = {
				LastSwiftUpdateCheck = 1130;
				LastUpgradeCheck = 1130;
				ORGANIZATIONNAME = pdowd;
				TargetAttributes = {
					0AFDE7C723EB51C2005627E6 = {
						CreatedOnToolsVersion = 11.3;
					};
				};
			};
			buildConfigurationList = 0AFDE7C323EB51C2005627E6 /* Build configuration list for PBXProject "USNAngels" */;
			compatibilityVersion = "Xcode 9.3";
			developmentRegion = en;
			hasScannedForEncodings = 0;
			knownRegions = (
				en,
				Base,
			);
			mainGroup = 0AFDE7BF23EB51C2005627E6;
			productRefGroup = 0AFDE7C923EB51C2005627E6 /* Products */;
			projectDirPath = "";
			projectRoot = "";
			targets = (
				0AFDE7C723EB51C2005627E6 /* Proj1 */,
			);
		};
/* End PBXProject section */

/* Begin PBXResourcesBuildPhase section */
		0AFDE7C623EB51C2005627E6 /* Resources */ = {
			isa = PBXResourcesBuildPhase;
			buildActionMask = 2147483647;
			files = (
				0445FB00242D6B770052EB3F /* iconSet in Resources */,
				0AFDE7DD23EB51C4005627E6 /* LaunchScreen.storyboard in Resources */,
				04D41D7F23FE16E000B02C6A /* logo.png in Resources */,
				0AFDE7DA23EB51C4005627E6 /* Assets.xcassets in Resources */,
				0AFDE7D523EB51C2005627E6 /* Main.storyboard in Resources */,
				04D41D7D23F5F62200B02C6A /* guardianAngelLogo.png in Resources */,
			);
			runOnlyForDeploymentPostprocessing = 0;
		};
/* End PBXResourcesBuildPhase section */

/* Begin PBXSourcesBuildPhase section */
		0AFDE7C423EB51C2005627E6 /* Sources */ = {
			isa = PBXSourcesBuildPhase;
			buildActionMask = 2147483647;
			files = (
				040FA654240094B000F38858 /* FifthViewController.swift in Sources */,
				04AD23CB240E938A00440319 /* RegisterViewController.swift in Sources */,
				04AD23CF240E999E00440319 /* MainTabBarController.swift in Sources */,
				04AD23D1240E9AC000440319 /* StartRegistrationViewController.swift in Sources */,
				04D41D7723F34FBC00B02C6A /* LoginViewController.swift in Sources */,
				04AD23C9240DF69900440319 /* myAnnotation.swift in Sources */,
				0AFDE7D223EB51C2005627E6 /* SecondViewController.swift in Sources */,
				0AFDE7D023EB51C2005627E6 /* FirstViewController.swift in Sources */,
				04AD23C7240DF3EF00440319 /* myAnnotationView.swift in Sources */,
				0AFDE7D823EB51C2005627E6 /* Proj1.xcdatamodeld in Sources */,
				040FA65223FEEF2100F38858 /* FourthViewController.swift in Sources */,
				0AFDE7CC23EB51C2005627E6 /* AppDelegate.swift in Sources */,
				0AFDE7CE23EB51C2005627E6 /* SceneDelegate.swift in Sources */,
			);
			runOnlyForDeploymentPostprocessing = 0;
		};
/* End PBXSourcesBuildPhase section */

/* Begin PBXVariantGroup section */
		0AFDE7D323EB51C2005627E6 /* Main.storyboard */ = {
			isa = PBXVariantGroup;
			children = (
				0AFDE7D423EB51C2005627E6 /* Base */,
			);
			name = Main.storyboard;
			sourceTree = "<group>";
		};
		0AFDE7DB23EB51C4005627E6 /* LaunchScreen.storyboard */ = {
			isa = PBXVariantGroup;
			children = (
				0AFDE7DC23EB51C4005627E6 /* Base */,
			);
			name = LaunchScreen.storyboard;
			sourceTree = "<group>";
		};
/* End PBXVariantGroup section */

/* Begin XCBuildConfiguration section */
		0AFDE7DF23EB51C4005627E6 /* Debug */ = {
			isa = XCBuildConfiguration;
			buildSettings = {
				ALWAYS_SEARCH_USER_PATHS = NO;
				CLANG_ANALYZER_NONNULL = YES;
				CLANG_ANALYZER_NUMBER_OBJECT_CONVERSION = YES_AGGRESSIVE;
				CLANG_CXX_LANGUAGE_STANDARD = "gnu++14";
				CLANG_CXX_LIBRARY = "libc++";
				CLANG_ENABLE_MODULES = YES;
				CLANG_ENABLE_OBJC_ARC = YES;
				CLANG_ENABLE_OBJC_WEAK = YES;
				CLANG_WARN_BLOCK_CAPTURE_AUTORELEASING = YES;
				CLANG_WARN_BOOL_CONVERSION = YES;
				CLANG_WARN_COMMA = YES;
				CLANG_WARN_CONSTANT_CONVERSION = YES;
				CLANG_WARN_DEPRECATED_OBJC_IMPLEMENTATIONS = YES;
				CLANG_WARN_DIRECT_OBJC_ISA_USAGE = YES_ERROR;
				CLANG_WARN_DOCUMENTATION_COMMENTS = YES;
				CLANG_WARN_EMPTY_BODY = YES;
				CLANG_WARN_ENUM_CONVERSION = YES;
				CLANG_WARN_INFINITE_RECURSION = YES;
				CLANG_WARN_INT_CONVERSION = YES;
				CLANG_WARN_NON_LITERAL_NULL_CONVERSION = YES;
				CLANG_WARN_OBJC_IMPLICIT_RETAIN_SELF = YES;
				CLANG_WARN_OBJC_LITERAL_CONVERSION = YES;
				CLANG_WARN_OBJC_ROOT_CLASS = YES_ERROR;
				CLANG_WARN_RANGE_LOOP_ANALYSIS = YES;
				CLANG_WARN_STRICT_PROTOTYPES = YES;
				CLANG_WARN_SUSPICIOUS_MOVE = YES;
				CLANG_WARN_UNGUARDED_AVAILABILITY = YES_AGGRESSIVE;
				CLANG_WARN_UNREACHABLE_CODE = YES;
				CLANG_WARN__DUPLICATE_METHOD_MATCH = YES;
				COPY_PHASE_STRIP = NO;
				DEBUG_INFORMATION_FORMAT = dwarf;
				ENABLE_STRICT_OBJC_MSGSEND = YES;
				ENABLE_TESTABILITY = YES;
				GCC_C_LANGUAGE_STANDARD = gnu11;
				GCC_DYNAMIC_NO_PIC = NO;
				GCC_NO_COMMON_BLOCKS = YES;
				GCC_OPTIMIZATION_LEVEL = 0;
				GCC_PREPROCESSOR_DEFINITIONS = (
					"DEBUG=1",
					"$(inherited)",
				);
				GCC_WARN_64_TO_32_BIT_CONVERSION = YES;
				GCC_WARN_ABOUT_RETURN_TYPE = YES_ERROR;
				GCC_WARN_UNDECLARED_SELECTOR = YES;
				GCC_WARN_UNINITIALIZED_AUTOS = YES_AGGRESSIVE;
				GCC_WARN_UNUSED_FUNCTION = YES;
				GCC_WARN_UNUSED_VARIABLE = YES;
				IPHONEOS_DEPLOYMENT_TARGET = 13.2;
				MTL_ENABLE_DEBUG_INFO = INCLUDE_SOURCE;
				MTL_FAST_MATH = YES;
				ONLY_ACTIVE_ARCH = YES;
				SDKROOT = iphoneos;
				SWIFT_ACTIVE_COMPILATION_CONDITIONS = DEBUG;
				SWIFT_OPTIMIZATION_LEVEL = "-Onone";
			};
			name = Debug;
		};
		0AFDE7E023EB51C4005627E6 /* Release */ = {
			isa = XCBuildConfiguration;
			buildSettings = {
				ALWAYS_SEARCH_USER_PATHS = NO;
				CLANG_ANALYZER_NONNULL = YES;
				CLANG_ANALYZER_NUMBER_OBJECT_CONVERSION = YES_AGGRESSIVE;
				CLANG_CXX_LANGUAGE_STANDARD = "gnu++14";
				CLANG_CXX_LIBRARY = "libc++";
				CLANG_ENABLE_MODULES = YES;
				CLANG_ENABLE_OBJC_ARC = YES;
				CLANG_ENABLE_OBJC_WEAK = YES;
				CLANG_WARN_BLOCK_CAPTURE_AUTORELEASING = YES;
				CLANG_WARN_BOOL_CONVERSION = YES;
				CLANG_WARN_COMMA = YES;
				CLANG_WARN_CONSTANT_CONVERSION = YES;
				CLANG_WARN_DEPRECATED_OBJC_IMPLEMENTATIONS = YES;
				CLANG_WARN_DIRECT_OBJC_ISA_USAGE = YES_ERROR;
				CLANG_WARN_DOCUMENTATION_COMMENTS = YES;
				CLANG_WARN_EMPTY_BODY = YES;
				CLANG_WARN_ENUM_CONVERSION = YES;
				CLANG_WARN_INFINITE_RECURSION = YES;
				CLANG_WARN_INT_CONVERSION = YES;
				CLANG_WARN_NON_LITERAL_NULL_CONVERSION = YES;
				CLANG_WARN_OBJC_IMPLICIT_RETAIN_SELF = YES;
				CLANG_WARN_OBJC_LITERAL_CONVERSION = YES;
				CLANG_WARN_OBJC_ROOT_CLASS = YES_ERROR;
				CLANG_WARN_RANGE_LOOP_ANALYSIS = YES;
				CLANG_WARN_STRICT_PROTOTYPES = YES;
				CLANG_WARN_SUSPICIOUS_MOVE = YES;
				CLANG_WARN_UNGUARDED_AVAILABILITY = YES_AGGRESSIVE;
				CLANG_WARN_UNREACHABLE_CODE = YES;
				CLANG_WARN__DUPLICATE_METHOD_MATCH = YES;
				COPY_PHASE_STRIP = NO;
				DEBUG_INFORMATION_FORMAT = "dwarf-with-dsym";
				ENABLE_NS_ASSERTIONS = NO;
				ENABLE_STRICT_OBJC_MSGSEND = YES;
				GCC_C_LANGUAGE_STANDARD = gnu11;
				GCC_NO_COMMON_BLOCKS = YES;
				GCC_WARN_64_TO_32_BIT_CONVERSION = YES;
				GCC_WARN_ABOUT_RETURN_TYPE = YES_ERROR;
				GCC_WARN_UNDECLARED_SELECTOR = YES;
				GCC_WARN_UNINITIALIZED_AUTOS = YES_AGGRESSIVE;
				GCC_WARN_UNUSED_FUNCTION = YES;
				GCC_WARN_UNUSED_VARIABLE = YES;
				IPHONEOS_DEPLOYMENT_TARGET = 13.2;
				MTL_ENABLE_DEBUG_INFO = NO;
				MTL_FAST_MATH = YES;
				SDKROOT = iphoneos;
				SWIFT_COMPILATION_MODE = wholemodule;
				SWIFT_OPTIMIZATION_LEVEL = "-O";
				VALIDATE_PRODUCT = YES;
			};
			name = Release;
		};
		0AFDE7E223EB51C4005627E6 /* Debug */ = {
			isa = XCBuildConfiguration;
			buildSettings = {
				ASSETCATALOG_COMPILER_APPICON_NAME = AppIcon;
				CODE_SIGN_IDENTITY = "Apple Development";
				CODE_SIGN_STYLE = Automatic;
				CURRENT_PROJECT_VERSION = 16;
				DEVELOPMENT_TEAM = 5AT8BMU947;
				INFOPLIST_FILE = Proj1/Info.plist;
				IPHONEOS_DEPLOYMENT_TARGET = 13.2;
				LD_RUNPATH_SEARCH_PATHS = (
					"$(inherited)",
					"@executable_path/Frameworks",
				);
				PRODUCT_BUNDLE_IDENTIFIER = usna.capstone.Proj1Patrick;
				PRODUCT_NAME = USNAngels;
				PROVISIONING_PROFILE_SPECIFIER = "";
				SWIFT_VERSION = 5.0;
				TARGETED_DEVICE_FAMILY = "1,2";
			};
			name = Debug;
		};
		0AFDE7E323EB51C4005627E6 /* Release */ = {
			isa = XCBuildConfiguration;
			buildSettings = {
				ASSETCATALOG_COMPILER_APPICON_NAME = AppIcon;
				CODE_SIGN_IDENTITY = "Apple Development";
				CODE_SIGN_STYLE = Automatic;
				CURRENT_PROJECT_VERSION = 16;
				DEVELOPMENT_TEAM = 5AT8BMU947;
				INFOPLIST_FILE = Proj1/Info.plist;
				IPHONEOS_DEPLOYMENT_TARGET = 13.2;
				LD_RUNPATH_SEARCH_PATHS = (
					"$(inherited)",
					"@executable_path/Frameworks",
				);
				PRODUCT_BUNDLE_IDENTIFIER = usna.capstone.Proj1Patrick;
				PRODUCT_NAME = USNAngels;
				PROVISIONING_PROFILE_SPECIFIER = "";
				SWIFT_VERSION = 5.0;
				TARGETED_DEVICE_FAMILY = "1,2";
			};
			name = Release;
		};
/* End XCBuildConfiguration section */

/* Begin XCConfigurationList section */
		0AFDE7C323EB51C2005627E6 /* Build configuration list for PBXProject "USNAngels" */ = {
			isa = XCConfigurationList;
			buildConfigurations = (
				0AFDE7DF23EB51C4005627E6 /* Debug */,
				0AFDE7E023EB51C4005627E6 /* Release */,
			);
			defaultConfigurationIsVisible = 0;
			defaultConfigurationName = Release;
		};
		0AFDE7E123EB51C4005627E6 /* Build configuration list for PBXNativeTarget "Proj1" */ = {
			isa = XCConfigurationList;
			buildConfigurations = (
				0AFDE7E223EB51C4005627E6 /* Debug */,
				0AFDE7E323EB51C4005627E6 /* Release */,
			);
			defaultConfigurationIsVisible = 0;
			defaultConfigurationName = Release;
		};
/* End XCConfigurationList section */

/* Begin XCVersionGroup section */
		0AFDE7D623EB51C2005627E6 /* Proj1.xcdatamodeld */ = {
			isa = XCVersionGroup;
			children = (
				0AFDE7D723EB51C2005627E6 /* Proj1.xcdatamodel */,
			);
			currentVersion = 0AFDE7D723EB51C2005627E6 /* Proj1.xcdatamodel */;
			path = Proj1.xcdatamodeld;
			sourceTree = "<group>";
			versionGroupType = wrapper.xcdatamodel;
		};
/* End XCVersionGroup section */
	};
	rootObject = 0AFDE7C023EB51C2005627E6 /* Project object */;
}
